
Microsoft Visual Studio Solution File, Format Version 12.00
# Visual Studio Version 17
VisualStudioVersion = 17.5.33424.131
MinimumVisualStudioVersion = 10.0.40219.1
Project("{FAE04EC0-301F-11D3-BF4B-00C04F79EFBC}") = "ArrayEx2", "ArrayEx2.csproj", "{FA284E12-DAD2-434E-B221-026FDE9E3ACC}"
EndProject
Global
	GlobalSection(SolutionConfigurationPlatforms) = preSolution
		Debug|Any CPU = Debug|Any CPU
		Release|Any CPU = Release|Any CPU
	EndGlobalSection
	GlobalSection(ProjectConfigurationPlatforms) = postSolution
		{FA284E12-DAD2-434E-B221-026FDE9E3ACC}.Debug|Any CPU.ActiveCfg = Debug|Any CPU
		{FA284E12-DAD2-434E-B221-026FDE9E3ACC}.Debug|Any CPU.Build.0 = Debug|Any CPU
		{FA284E12-DAD2-434E-B221-026FDE9E3ACC}.Release|Any CPU.ActiveCfg = Release|Any CPU
		{FA284E12-DAD2-434E-B221-026FDE9E3ACC}.Release|Any CPU.Build.0 = Release|Any CPU
	EndGlobalSection
	GlobalSection(SolutionProperties) = preSolution
		HideSolutionNode = FALSE
	EndGlobalSection
	GlobalSection(ExtensibilityGlobals) = postSolution
		SolutionGuid = {9692B75A-F962-490C-8B6B-2DF9605416DF}
	EndGlobalSection
EndGlobal
